<?xml version="1.0" encoding="utf-8"?>
<Project ToolsVersion="4.0" xmlns="http://schemas.microsoft.com/developer/msbuild/2003">
  <ItemGroup>
    <Filter Include="Source Files">
      <UniqueIdentifier>{e0674a31-f006-4130-88c1-2d0163b28d90}</UniqueIdentifier>
      <Extensions>cpp;c;cxx;rc;def;r;odl;idl;hpj;bat</Extensions>
    </Filter>
    <Filter Include="Header Files">
      <UniqueIdentifier>{5496a985-ece0-4b8d-ab2e-a45a5c46cf21}</UniqueIdentifier>
      <Extensions>h;hpp;hxx;hm;inl</Extensions>
    </Filter>
    <Filter Include="Packet">
      <UniqueIdentifier>{eb6fd884-8bef-42c7-bfe2-9f9fc9c624c2}</UniqueIdentifier>
    </Filter>
    <Filter Include="Common">
      <UniqueIdentifier>{67078966-a5ba-4f00-bdc8-680f4820ddc6}</UniqueIdentifier>
    </Filter>
    <Filter Include="COM Interface">
      <UniqueIdentifier>{83b770f3-d580-4338-a743-da88c2c6c08c}</UniqueIdentifier>
    </Filter>
    <Filter Include="Item">
      <UniqueIdentifier>{0ab8dc97-702c-44b3-9b28-a25bf3616e4a}</UniqueIdentifier>
    </Filter>
    <Filter Include="Resource Files">
      <UniqueIdentifier>{19f963c7-be5f-44fd-b25e-39edc784c8c0}</UniqueIdentifier>
      <Extensions>ico;cur;bmp;dlg;rc2;rct;bin;rgs;gif;jpg;jpeg;jpe</Extensions>
    </Filter>
  </ItemGroup>
  <ItemGroup>
    <ClCompile Include="CommonDungeon.cpp">
      <Filter>Source Files</Filter>
    </ClCompile>
    <ClCompile Include="CommonServer.cpp">
      <Filter>Source Files</Filter>
    </ClCompile>
    <ClCompile Include="NTAes.cpp">
      <Filter>Source Files</Filter>
    </ClCompile>
    <ClCompile Include="NTNetWork.cpp">
      <Filter>Source Files</Filter>
    </ClCompile>
    <ClCompile Include="StdAfx.cpp">
      <Filter>Source Files</Filter>
    </ClCompile>
    <ClCompile Include="DFXForm.cpp">
      <Filter>Common</Filter>
    </ClCompile>
    <ClCompile Include="Encode.cpp">
      <Filter>Common</Filter>
    </ClCompile>
    <ClCompile Include="Log.cpp">
      <Filter>Common</Filter>
    </ClCompile>
    <ClCompile Include="ReportCMListener.cpp">
      <Filter>Common</Filter>
    </ClCompile>
    <ClCompile Include="UniqueProcess.cpp">
      <Filter>Common</Filter>
    </ClCompile>
    <ClCompile Include="BaseItem.cpp">
      <Filter>Item</Filter>
    </ClCompile>
    <ClCompile Include="Item.cpp">
      <Filter>Item</Filter>
    </ClCompile>
    <ClCompile Include="ItemManager.cpp">
      <Filter>Item</Filter>
    </ClCompile>
  </ItemGroup>
  <ItemGroup>
    <ResourceCompile Include="CommonServer.rc">
      <Filter>Source Files</Filter>
    </ResourceCompile>
  </ItemGroup>
  <ItemGroup>
    <ClInclude Include="ClassSupport.h">
      <Filter>Header Files</Filter>
    </ClInclude>
    <ClInclude Include="ComInterface.h">
      <Filter>Header Files</Filter>
    </ClInclude>
    <ClInclude Include="CommonAccessory.h">
      <Filter>Header Files</Filter>
    </ClInclude>
    <ClInclude Include="CommonDungeon.h">
      <Filter>Header Files</Filter>
    </ClInclude>
    <ClInclude Include="CommonGlobalDefine.h">
      <Filter>Header Files</Filter>
    </ClInclude>
    <ClInclude Include="CommonHash.h">
      <Filter>Header Files</Filter>
    </ClInclude>
    <ClInclude Include="CommonHeader.h">
      <Filter>Header Files</Filter>
    </ClInclude>
    <ClInclude Include="CommonPacket.h">
      <Filter>Header Files</Filter>
    </ClInclude>
    <ClInclude Include="CommonServer.h">
      <Filter>Header Files</Filter>
    </ClInclude>
    <ClInclude Include="HS_HASH.h">
      <Filter>Header Files</Filter>
    </ClInclude>
    <ClInclude Include="HS_LIST.h">
      <Filter>Header Files</Filter>
    </ClInclude>
    <ClInclude Include="NTAes.h">
      <Filter>Header Files</Filter>
    </ClInclude>
    <ClInclude Include="NTNetWork.h">
      <Filter>Header Files</Filter>
    </ClInclude>
    <ClInclude Include="PartyMatchPacket.h">
      <Filter>Header Files</Filter>
    </ClInclude>
    <ClInclude Include="resource.h">
      <Filter>Header Files</Filter>
    </ClInclude>
    <ClInclude Include="StdAfx.h">
      <Filter>Header Files</Filter>
    </ClInclude>
    <ClInclude Include="STLSupport.h">
      <Filter>Header Files</Filter>
    </ClInclude>
    <ClInclude Include="TeamMatcher.h">
      <Filter>Header Files</Filter>
    </ClInclude>
    <ClInclude Include="TeamMatchHandler.h">
      <Filter>Header Files</Filter>
    </ClInclude>
    <ClInclude Include="AgentServerPacket.h">
      <Filter>Packet</Filter>
    </ClInclude>
    <ClInclude Include="CharSelectPacket.h">
      <Filter>Packet</Filter>
    </ClInclude>
    <ClInclude Include="DungeonPacket.h">
      <Filter>Packet</Filter>
    </ClInclude>
    <ClInclude Include="GamePacket.h">
      <Filter>Packet</Filter>
    </ClInclude>
    <ClInclude Include="General_Command.h">
      <Filter>Packet</Filter>
    </ClInclude>
    <ClInclude Include="GM_Command.h">
      <Filter>Packet</Filter>
    </ClInclude>
    <ClInclude Include="GMPacket.h">
      <Filter>Packet</Filter>
    </ClInclude>
    <ClInclude Include="LoginPacket.h">
      <Filter>Packet</Filter>
    </ClInclude>
    <ClInclude Include="ProtocolDefinition.h">
      <Filter>Packet</Filter>
    </ClInclude>
    <ClInclude Include="RivalGuildWarPacket.h">
      <Filter>Packet</Filter>
    </ClInclude>
    <ClInclude Include="ServerPacket.h">
      <Filter>Packet</Filter>
    </ClInclude>
    <ClInclude Include="WorldPacket.h">
      <Filter>Packet</Filter>
    </ClInclude>
    <ClInclude Include="AbyssHash.h">
      <Filter>Common</Filter>
    </ClInclude>
    <ClInclude Include="AbyssHash64.h">
      <Filter>Common</Filter>
    </ClInclude>
    <ClInclude Include="Account.h">
      <Filter>Common</Filter>
    </ClInclude>
    <ClInclude Include="DFXForm.h">
      <Filter>Common</Filter>
    </ClInclude>
    <ClInclude Include="Encode.h">
      <Filter>Common</Filter>
    </ClInclude>
    <ClInclude Include="IllegalPacketLog.h">
      <Filter>Common</Filter>
    </ClInclude>
    <ClInclude Include="Log.h">
      <Filter>Common</Filter>
    </ClInclude>
    <ClInclude Include="Profile.h">
      <Filter>Common</Filter>
    </ClInclude>
    <ClInclude Include="ReportCMListener.h">
      <Filter>Common</Filter>
    </ClInclude>
    <ClInclude Include="SizeReporter.h">
      <Filter>Common</Filter>
    </ClInclude>
    <ClInclude Include="StringFunc.h">
      <Filter>Common</Filter>
    </ClInclude>
    <ClInclude Include="UniqueProcess.h">
      <Filter>Common</Filter>
    </ClInclude>
    <ClInclude Include="DBStruct.h">
      <Filter>COM Interface</Filter>
    </ClInclude>
    <ClInclude Include="IOleDBThread.h">
      <Filter>COM Interface</Filter>
    </ClInclude>
    <ClInclude Include="BaseItem.h">
      <Filter>Item</Filter>
    </ClInclude>
    <ClInclude Include="Item.h">
      <Filter>Item</Filter>
    </ClInclude>
    <ClInclude Include="ItemManager.h">
      <Filter>Item</Filter>
    </ClInclude>
    <ClInclude Include="ItemManagerDefine.h">
      <Filter>Item</Filter>
    </ClInclude>
  </ItemGroup>
  <ItemGroup>
    <Text Include="ReadMe.txt" />
  </ItemGroup>
</Project>