
Microsoft Visual Studio Solution File, Format Version 12.00
# Visual Studio Version 17
VisualStudioVersion = 17.12.35707.178
MinimumVisualStudioVersion = 10.0.40219.1
Project("{8BC9CEB8-8B4A-11D0-8D11-00A0C91BC942}") = "CorumOnlineProject", "CorumOnlineProject.vcxproj", "{ABCD99C6-0A64-4214-844E-BFC978E56298}"
EndProject
Project("{8BC9CEB8-8B4A-11D0-8D11-00A0C91BC942}") = "BaseLibrary", "..\BaseLibrary\BaseLibrary.vcxproj", "{F8A9E857-2C61-41E5-BF83-158CAAF1D702}"
EndProject
Project("{8BC9CEB8-8B4A-11D0-8D11-00A0C91BC942}") = "CommonServer", "..\CommonServer\CommonServer.vcxproj", "{6799FABC-6F99-416A-8350-7AE7E6BFF0B2}"
EndProject
Project("{2150E333-8FDC-42A3-9474-1A3956D46DE8}") = "Solution Items", "Solution Items", "{624E4921-16C1-4005-8E63-7828C9A387A8}"
EndProject
Project("{8BC9CEB8-8B4A-11D0-8D11-00A0C91BC942}") = "LoginAgent", "..\LoginAgent\LoginAgent.vcxproj", "{85428F33-05A6-47C7-9D8A-65165B85EC94}"
EndProject
Project("{8BC9CEB8-8B4A-11D0-8D11-00A0C91BC942}") = "WorldServer", "..\WorldServer\WorldServer.vcxproj", "{15B98713-613E-4198-BC91-D6812829C304}"
EndProject
Project("{8BC9CEB8-8B4A-11D0-8D11-00A0C91BC942}") = "DungeonServer", "..\DungeonServer\DungeonServer.vcxproj", "{628B7382-2F78-4FA5-B92C-56E1F0FC1AD6}"
EndProject
Project("{8BC9CEB8-8B4A-11D0-8D11-00A0C91BC942}") = "I4DyuchiNET", "..\I4DyuchiNET\I4DyuchiNET.vcxproj", "{1B17878E-9CB1-422B-985C-F07C3E5678D8}"
EndProject
Global
	GlobalSection(SolutionConfigurationPlatforms) = preSolution
		Debug|x86 = Debug|x86
		Release|x86 = Release|x86
	EndGlobalSection
	GlobalSection(ProjectConfigurationPlatforms) = postSolution
		{ABCD99C6-0A64-4214-844E-BFC978E56298}.Debug|x86.ActiveCfg = Debug|Win32
		{ABCD99C6-0A64-4214-844E-BFC978E56298}.Debug|x86.Build.0 = Debug|Win32
		{ABCD99C6-0A64-4214-844E-BFC978E56298}.Release|x86.ActiveCfg = Release|Win32
		{ABCD99C6-0A64-4214-844E-BFC978E56298}.Release|x86.Build.0 = Release|Win32
		{F8A9E857-2C61-41E5-BF83-158CAAF1D702}.Debug|x86.ActiveCfg = Debug|Win32
		{F8A9E857-2C61-41E5-BF83-158CAAF1D702}.Debug|x86.Build.0 = Debug|Win32
		{F8A9E857-2C61-41E5-BF83-158CAAF1D702}.Release|x86.ActiveCfg = Release|Win32
		{F8A9E857-2C61-41E5-BF83-158CAAF1D702}.Release|x86.Build.0 = Release|Win32
		{6799FABC-6F99-416A-8350-7AE7E6BFF0B2}.Debug|x86.ActiveCfg = Debug|Win32
		{6799FABC-6F99-416A-8350-7AE7E6BFF0B2}.Debug|x86.Build.0 = Debug|Win32
		{6799FABC-6F99-416A-8350-7AE7E6BFF0B2}.Release|x86.ActiveCfg = Release|Win32
		{6799FABC-6F99-416A-8350-7AE7E6BFF0B2}.Release|x86.Build.0 = Release|Win32
		{85428F33-05A6-47C7-9D8A-65165B85EC94}.Debug|x86.ActiveCfg = Debug|Win32
		{85428F33-05A6-47C7-9D8A-65165B85EC94}.Debug|x86.Build.0 = Debug|Win32
		{85428F33-05A6-47C7-9D8A-65165B85EC94}.Release|x86.ActiveCfg = Release|Win32
		{85428F33-05A6-47C7-9D8A-65165B85EC94}.Release|x86.Build.0 = Release|Win32
		{15B98713-613E-4198-BC91-D6812829C304}.Debug|x86.ActiveCfg = Debug|Win32
		{15B98713-613E-4198-BC91-D6812829C304}.Debug|x86.Build.0 = Debug|Win32
		{15B98713-613E-4198-BC91-D6812829C304}.Release|x86.ActiveCfg = Release|Win32
		{15B98713-613E-4198-BC91-D6812829C304}.Release|x86.Build.0 = Release|Win32
		{628B7382-2F78-4FA5-B92C-56E1F0FC1AD6}.Debug|x86.ActiveCfg = Debug|Win32
		{628B7382-2F78-4FA5-B92C-56E1F0FC1AD6}.Debug|x86.Build.0 = Debug|Win32
		{628B7382-2F78-4FA5-B92C-56E1F0FC1AD6}.Release|x86.ActiveCfg = Release|Win32
		{628B7382-2F78-4FA5-B92C-56E1F0FC1AD6}.Release|x86.Build.0 = Release|Win32
		{1B17878E-9CB1-422B-985C-F07C3E5678D8}.Debug|x86.ActiveCfg = Debug|Win32
		{1B17878E-9CB1-422B-985C-F07C3E5678D8}.Debug|x86.Build.0 = Debug|Win32
		{1B17878E-9CB1-422B-985C-F07C3E5678D8}.Release|x86.ActiveCfg = Release|Win32
		{1B17878E-9CB1-422B-985C-F07C3E5678D8}.Release|x86.Build.0 = Release|Win32
	EndGlobalSection
	GlobalSection(SolutionProperties) = preSolution
		HideSolutionNode = FALSE
	EndGlobalSection
EndGlobal
