<?xml version="1.0" encoding="utf-8"?>
<Project ToolsVersion="4.0" xmlns="http://schemas.microsoft.com/developer/msbuild/2003">
  <ItemGroup>
    <Filter Include="Source Files">
      <UniqueIdentifier>{4FC737F1-C7A5-4376-A066-2A32D752A2FF}</UniqueIdentifier>
      <Extensions>cpp;c;cc;cxx;c++;cppm;ixx;def;odl;idl;hpj;bat;asm;asmx</Extensions>
    </Filter>
    <Filter Include="Header Files">
      <UniqueIdentifier>{93995380-89BD-4b04-88EB-625FBE52EBFB}</UniqueIdentifier>
      <Extensions>h;hh;hpp;hxx;h++;hm;inl;inc;ipp;xsd</Extensions>
    </Filter>
    <Filter Include="Resource Files">
      <UniqueIdentifier>{67DA6AB6-F800-4c08-8B7A-83BB121AAD01}</UniqueIdentifier>
      <Extensions>rc;ico;cur;bmp;dlg;rc2;rct;bin;rgs;gif;jpg;jpeg;jpe;resx;tiff;tif;png;wav;mfcribbon-ms</Extensions>
    </Filter>
  </ItemGroup>
  <ItemGroup>
    <ClInclude Include="BaloonChat.h">
      <Filter>Source Files</Filter>
    </ClInclude>
    <ClInclude Include="BankWnd.h">
      <Filter>Source Files</Filter>
    </ClInclude>
    <ClInclude Include="BaseNetworkInterface.h">
      <Filter>Source Files</Filter>
    </ClInclude>
    <ClInclude Include="BlockWnd.h">
      <Filter>Source Files</Filter>
    </ClInclude>
    <ClInclude Include="CDungeonInfoWnd.h">
      <Filter>Source Files</Filter>
    </ClInclude>
    <ClInclude Include="CDungeonManagerWnd.h">
      <Filter>Source Files</Filter>
    </ClInclude>
    <ClInclude Include="CharDieWnd.h">
      <Filter>Source Files</Filter>
    </ClInclude>
    <ClInclude Include="CharMoveEditWnd.h">
      <Filter>Source Files</Filter>
    </ClInclude>
    <ClInclude Include="CharMoveRtWnd.h">
      <Filter>Source Files</Filter>
    </ClInclude>
    <ClInclude Include="CharMoveWnd.h">
      <Filter>Source Files</Filter>
    </ClInclude>
    <ClInclude Include="CharSelectMsg.h">
      <Filter>Source Files</Filter>
    </ClInclude>
    <ClInclude Include="CharSelectProcess.h">
      <Filter>Source Files</Filter>
    </ClInclude>
    <ClInclude Include="CharWnd.h">
      <Filter>Source Files</Filter>
    </ClInclude>
    <ClInclude Include="Chat.h">
      <Filter>Source Files</Filter>
    </ClInclude>
    <ClInclude Include="ChatBackground.h">
      <Filter>Source Files</Filter>
    </ClInclude>
    <ClInclude Include="ChatListWnd.h">
      <Filter>Source Files</Filter>
    </ClInclude>
    <ClInclude Include="ChatWnd.h">
      <Filter>Source Files</Filter>
    </ClInclude>
    <ClInclude Include="ChinaBillingRemainTime.h">
      <Filter>Source Files</Filter>
    </ClInclude>
    <ClInclude Include="ChinaHackToolBlock.h">
      <Filter>Source Files</Filter>
    </ClInclude>
    <ClInclude Include="ChrInfo.h">
      <Filter>Source Files</Filter>
    </ClInclude>
    <ClInclude Include="ClientTrafficLog.h">
      <Filter>Source Files</Filter>
    </ClInclude>
    <ClInclude Include="cmd_message.h">
      <Filter>Source Files</Filter>
    </ClInclude>
    <ClInclude Include="CodeFun.h">
      <Filter>Source Files</Filter>
    </ClInclude>
    <ClInclude Include="ComboBox.h">
      <Filter>Source Files</Filter>
    </ClInclude>
    <ClInclude Include="Command.h">
      <Filter>Source Files</Filter>
    </ClInclude>
    <ClInclude Include="CommandWnd.h">
      <Filter>Source Files</Filter>
    </ClInclude>
    <ClInclude Include="CorumResource.h">
      <Filter>Source Files</Filter>
    </ClInclude>
    <ClInclude Include="crBaseMenu.h">
      <Filter>Source Files</Filter>
    </ClInclude>
    <ClInclude Include="crButton.h">
      <Filter>Source Files</Filter>
    </ClInclude>
    <ClInclude Include="crDialog.h">
      <Filter>Source Files</Filter>
    </ClInclude>
    <ClInclude Include="CResNameResolver.h">
      <Filter>Source Files</Filter>
    </ClInclude>
    <ClInclude Include="crImage.h">
      <Filter>Source Files</Filter>
    </ClInclude>
    <ClInclude Include="crImageList.h">
      <Filter>Source Files</Filter>
    </ClInclude>
    <ClInclude Include="crListBox.h">
      <Filter>Source Files</Filter>
    </ClInclude>
    <ClInclude Include="crListBoxItemInterface.h">
      <Filter>Source Files</Filter>
    </ClInclude>
    <ClInclude Include="crProxyMenuToDialog.h">
      <Filter>Source Files</Filter>
    </ClInclude>
    <ClInclude Include="crStaticText.h">
      <Filter>Source Files</Filter>
    </ClInclude>
    <ClInclude Include="crtList.h">
      <Filter>Source Files</Filter>
    </ClInclude>
    <ClInclude Include="crtNode.h">
      <Filter>Source Files</Filter>
    </ClInclude>
    <ClInclude Include="DamageNumber.h">
      <Filter>Source Files</Filter>
    </ClInclude>
    <ClInclude Include="DebugLog.h">
      <Filter>Source Files</Filter>
    </ClInclude>
    <ClInclude Include="DefaultWnd.h">
      <Filter>Source Files</Filter>
    </ClInclude>
    <ClInclude Include="Define.h">
      <Filter>Source Files</Filter>
    </ClInclude>
    <ClInclude Include="DefResource.h">
      <Filter>Source Files</Filter>
    </ClInclude>
    <ClInclude Include="Develop.h">
      <Filter>Source Files</Filter>
    </ClInclude>
    <ClInclude Include="DFXForm.h">
      <Filter>Source Files</Filter>
    </ClInclude>
    <ClInclude Include="DSMiniMap.h">
      <Filter>Source Files</Filter>
    </ClInclude>
    <ClInclude Include="DUNGEON_DATA.h">
      <Filter>Source Files</Filter>
    </ClInclude>
    <ClInclude Include="DUNGEON_DATA_EX.h">
      <Filter>Source Files</Filter>
    </ClInclude>
    <ClInclude Include="DungeonMsg.h">
      <Filter>Source Files</Filter>
    </ClInclude>
    <ClInclude Include="DungeonMsg_deepdark.h">
      <Filter>Source Files</Filter>
    </ClInclude>
    <ClInclude Include="DungeonMsg_jjw6263.h">
      <Filter>Source Files</Filter>
    </ClInclude>
    <ClInclude Include="DungeonMsg_minbobo.h">
      <Filter>Source Files</Filter>
    </ClInclude>
    <ClInclude Include="DungeonMsg_seven.h">
      <Filter>Source Files</Filter>
    </ClInclude>
    <ClInclude Include="DungeonMsg_yak.h">
      <Filter>Source Files</Filter>
    </ClInclude>
    <ClInclude Include="DungeonProcess.h">
      <Filter>Source Files</Filter>
    </ClInclude>
    <ClInclude Include="DungeonProcess_Sound.h">
      <Filter>Source Files</Filter>
    </ClInclude>
    <ClInclude Include="DungeonProcess2nd.h">
      <Filter>Source Files</Filter>
    </ClInclude>
    <ClInclude Include="DungeonSiegeInfoWnd.h">
      <Filter>Source Files</Filter>
    </ClInclude>
    <ClInclude Include="DungeonTable.h">
      <Filter>Source Files</Filter>
    </ClInclude>
    <ClInclude Include="Effect.h">
      <Filter>Source Files</Filter>
    </ClInclude>
    <ClInclude Include="EffectCommand.h">
      <Filter>Source Files</Filter>
    </ClInclude>
    <ClInclude Include="EffectInfo.h">
      <Filter>Source Files</Filter>
    </ClInclude>
    <ClInclude Include="EffectProcess.h">
      <Filter>Source Files</Filter>
    </ClInclude>
    <ClInclude Include="ErrorWnd.h">
      <Filter>Source Files</Filter>
    </ClInclude>
    <ClInclude Include="EventDungeonProcess.h">
      <Filter>Source Files</Filter>
    </ClInclude>
    <ClInclude Include="EventDungeonWnd.h">
      <Filter>Source Files</Filter>
    </ClInclude>
    <ClInclude Include="EventNPCSubWnd.h">
      <Filter>Source Files</Filter>
    </ClInclude>
    <ClInclude Include="EventNPCWnd.h">
      <Filter>Source Files</Filter>
    </ClInclude>
    <ClInclude Include="ExitWnd.h">
      <Filter>Source Files</Filter>
    </ClInclude>
    <ClInclude Include="Filter.h">
      <Filter>Source Files</Filter>
    </ClInclude>
    <ClInclude Include="GameControl.h">
      <Filter>Source Files</Filter>
    </ClInclude>
    <ClInclude Include="GameDefaultWnd.h">
      <Filter>Source Files</Filter>
    </ClInclude>
    <ClInclude Include="GameDefine.h">
      <Filter>Source Files</Filter>
    </ClInclude>
    <ClInclude Include="GameMenuWnd.h">
      <Filter>Source Files</Filter>
    </ClInclude>
    <ClInclude Include="GameNoticeWnd.h">
      <Filter>Source Files</Filter>
    </ClInclude>
    <ClInclude Include="GetDxVer.h">
      <Filter>Source Files</Filter>
    </ClInclude>
    <ClInclude Include="GlobalSoundHandles.h">
      <Filter>Source Files</Filter>
    </ClInclude>
    <ClInclude Include="GlobalVariableLogin.h">
      <Filter>Source Files</Filter>
    </ClInclude>
    <ClInclude Include="GMTool.h">
      <Filter>Source Files</Filter>
    </ClInclude>
    <ClInclude Include="GroupWnd.h">
      <Filter>Source Files</Filter>
    </ClInclude>
    <ClInclude Include="GuardianWnd.h">
      <Filter>Source Files</Filter>
    </ClInclude>
    <ClInclude Include="Guild.h">
      <Filter>Source Files</Filter>
    </ClInclude>
    <ClInclude Include="GuildDeleteWnd.h">
      <Filter>Source Files</Filter>
    </ClInclude>
    <ClInclude Include="GuildEditWnd.h">
      <Filter>Source Files</Filter>
    </ClInclude>
    <ClInclude Include="GuildExWnd.h">
      <Filter>Source Files</Filter>
    </ClInclude>
    <ClInclude Include="GuildJoinWnd.h">
      <Filter>Source Files</Filter>
    </ClInclude>
    <ClInclude Include="GuildMasterWnd.h">
      <Filter>Source Files</Filter>
    </ClInclude>
    <ClInclude Include="GuildPortalWnd.h">
      <Filter>Source Files</Filter>
    </ClInclude>
    <ClInclude Include="GuildRankWnd.h">
      <Filter>Source Files</Filter>
    </ClInclude>
    <ClInclude Include="GuildRequestWnd.h">
      <Filter>Source Files</Filter>
    </ClInclude>
    <ClInclude Include="GuildWarFinalSettingWnd.h">
      <Filter>Source Files</Filter>
    </ClInclude>
    <ClInclude Include="GuildWarInvite.h">
      <Filter>Source Files</Filter>
    </ClInclude>
    <ClInclude Include="GuildwarRequest.h">
      <Filter>Source Files</Filter>
    </ClInclude>
    <ClInclude Include="GuildWarStatusWnd.h">
      <Filter>Source Files</Filter>
    </ClInclude>
    <ClInclude Include="GuildWarWnd.h">
      <Filter>Source Files</Filter>
    </ClInclude>
    <ClInclude Include="GuildWnd.h">
      <Filter>Source Files</Filter>
    </ClInclude>
    <ClInclude Include="GXDefault.h">
      <Filter>Source Files</Filter>
    </ClInclude>
    <ClInclude Include="HashTable.h">
      <Filter>Source Files</Filter>
    </ClInclude>
    <ClInclude Include="HelpWnd.h">
      <Filter>Source Files</Filter>
    </ClInclude>
    <ClInclude Include="IdentyGraphicCard.h">
      <Filter>Source Files</Filter>
    </ClInclude>
    <ClInclude Include="IMEEdit.h">
      <Filter>Source Files</Filter>
    </ClInclude>
    <ClInclude Include="Ini.h">
      <Filter>Source Files</Filter>
    </ClInclude>
    <ClInclude Include="InitGame.h">
      <Filter>Source Files</Filter>
    </ClInclude>
    <ClInclude Include="InitItemWnd.h">
      <Filter>Source Files</Filter>
    </ClInclude>
    <ClInclude Include="InputManager.h">
      <Filter>Source Files</Filter>
    </ClInclude>
    <ClInclude Include="Interface.h">
      <Filter>Source Files</Filter>
    </ClInclude>
    <ClInclude Include="InterfaceInstance.h">
      <Filter>Source Files</Filter>
    </ClInclude>
    <ClInclude Include="InterfaceManager.h">
      <Filter>Source Files</Filter>
    </ClInclude>
    <ClInclude Include="InterfaceProcTemp.h">
      <Filter>Source Files</Filter>
    </ClInclude>
    <ClInclude Include="InterfaceSpr.h">
      <Filter>Source Files</Filter>
    </ClInclude>
    <ClInclude Include="InterfaceSprDef.h">
      <Filter>Source Files</Filter>
    </ClInclude>
    <ClInclude Include="IntroProcess.h">
      <Filter>Source Files</Filter>
    </ClInclude>
    <ClInclude Include="ItemAttrLayer.h">
      <Filter>Source Files</Filter>
    </ClInclude>
    <ClInclude Include="ItemMakingHelpWnd.h">
      <Filter>Source Files</Filter>
    </ClInclude>
    <ClInclude Include="ItemMakingSubWnd.h">
      <Filter>Source Files</Filter>
    </ClInclude>
    <ClInclude Include="ItemMakingWnd.h">
      <Filter>Source Files</Filter>
    </ClInclude>
    <ClInclude Include="ItemMove.h">
      <Filter>Source Files</Filter>
    </ClInclude>
    <ClInclude Include="ItemMoveManager.h">
      <Filter>Source Files</Filter>
    </ClInclude>
    <ClInclude Include="ItemNative.h">
      <Filter>Source Files</Filter>
    </ClInclude>
    <ClInclude Include="ItemNativeManager.h">
      <Filter>Source Files</Filter>
    </ClInclude>
    <ClInclude Include="ItemShopWnd.h">
      <Filter>Source Files</Filter>
    </ClInclude>
    <ClInclude Include="ItemTradeShopWnd.h">
      <Filter>Source Files</Filter>
    </ClInclude>
    <ClInclude Include="ItemTradeWnd.h">
      <Filter>Source Files</Filter>
    </ClInclude>
    <ClInclude Include="ItemUpgrade.h">
      <Filter>Source Files</Filter>
    </ClInclude>
    <ClInclude Include="ItemUpgradeHelpWnd.h">
      <Filter>Source Files</Filter>
    </ClInclude>
    <ClInclude Include="ItemUpgradeSubWnd.h">
      <Filter>Source Files</Filter>
    </ClInclude>
    <ClInclude Include="ItemUsed.h">
      <Filter>Source Files</Filter>
    </ClInclude>
    <ClInclude Include="ItemUsedManager.h">
      <Filter>Source Files</Filter>
    </ClInclude>
    <ClInclude Include="ItemWnd.h">
      <Filter>Source Files</Filter>
    </ClInclude>
    <ClInclude Include="ListTable.h">
      <Filter>Source Files</Filter>
    </ClInclude>
    <ClInclude Include="Localizing.h">
      <Filter>Source Files</Filter>
    </ClInclude>
    <ClInclude Include="LocalTimeObserver.h">
      <Filter>Source Files</Filter>
    </ClInclude>
    <ClInclude Include="LoginMsg.h">
      <Filter>Source Files</Filter>
    </ClInclude>
    <ClInclude Include="LoginProcess.h">
      <Filter>Source Files</Filter>
    </ClInclude>
    <ClInclude Include="LoginWnd.h">
      <Filter>Source Files</Filter>
    </ClInclude>
    <ClInclude Include="LogWnd.h">
      <Filter>Source Files</Filter>
    </ClInclude>
    <ClInclude Include="Map.h">
      <Filter>Source Files</Filter>
    </ClInclude>
    <ClInclude Include="MatchInfo.h">
      <Filter>Source Files</Filter>
    </ClInclude>
    <ClInclude Include="Menu.h">
      <Filter>Source Files</Filter>
    </ClInclude>
    <ClInclude Include="message.h">
      <Filter>Source Files</Filter>
    </ClInclude>
    <ClInclude Include="MessagePool.h">
      <Filter>Source Files</Filter>
    </ClInclude>
    <ClInclude Include="Messenger.h">
      <Filter>Source Files</Filter>
    </ClInclude>
    <ClInclude Include="MessengerDeleteWnd.h">
      <Filter>Source Files</Filter>
    </ClInclude>
    <ClInclude Include="MessengerWnd.h">
      <Filter>Source Files</Filter>
    </ClInclude>
    <ClInclude Include="MinboboWork.h">
      <Filter>Source Files</Filter>
    </ClInclude>
    <ClInclude Include="Monster.h">
      <Filter>Source Files</Filter>
    </ClInclude>
    <ClInclude Include="MonsterManager.h">
      <Filter>Source Files</Filter>
    </ClInclude>
    <ClInclude Include="MouseLib.h">
      <Filter>Source Files</Filter>
    </ClInclude>
    <ClInclude Include="MSoundControl.h">
      <Filter>Source Files</Filter>
    </ClInclude>
    <ClInclude Include="MSoundManager.h">
      <Filter>Source Files</Filter>
    </ClInclude>
    <ClInclude Include="NetworkClient.h">
      <Filter>Source Files</Filter>
    </ClInclude>
    <ClInclude Include="NetworkTimeObserver.h">
      <Filter>Source Files</Filter>
    </ClInclude>
    <ClInclude Include="NMCrypt.h">
      <Filter>Source Files</Filter>
    </ClInclude>
    <ClInclude Include="NoticeWnd.h">
      <Filter>Source Files</Filter>
    </ClInclude>
    <ClInclude Include="Npc.h">
      <Filter>Source Files</Filter>
    </ClInclude>
    <ClInclude Include="NpcDungeonInfoWnd.h">
      <Filter>Source Files</Filter>
    </ClInclude>
    <ClInclude Include="ObjectDefine.h">
      <Filter>Source Files</Filter>
    </ClInclude>
    <ClInclude Include="ObjectManager.h">
      <Filter>Source Files</Filter>
    </ClInclude>
    <ClInclude Include="OkWnd.h">
      <Filter>Source Files</Filter>
    </ClInclude>
    <ClInclude Include="OnlyList.h">
      <Filter>Source Files</Filter>
    </ClInclude>
    <ClInclude Include="PacketEncrypt.h">
      <Filter>Source Files</Filter>
    </ClInclude>
    <ClInclude Include="Parsing.h">
      <Filter>Source Files</Filter>
    </ClInclude>
    <ClInclude Include="Party.h">
      <Filter>Source Files</Filter>
    </ClInclude>
    <ClInclude Include="PartyBoardInfoWnd.h">
      <Filter>Source Files</Filter>
    </ClInclude>
    <ClInclude Include="PartyBoardWnd.h">
      <Filter>Source Files</Filter>
    </ClInclude>
    <ClInclude Include="PartyEntryWnd.h">
      <Filter>Source Files</Filter>
    </ClInclude>
    <ClInclude Include="PartyHelpWnd.h">
      <Filter>Source Files</Filter>
    </ClInclude>
    <ClInclude Include="PartyJoinWnd.h">
      <Filter>Source Files</Filter>
    </ClInclude>
    <ClInclude Include="PartyMatchingWnd.h">
      <Filter>Source Files</Filter>
    </ClInclude>
    <ClInclude Include="PartyPortalWnd.h">
      <Filter>Source Files</Filter>
    </ClInclude>
    <ClInclude Include="PartyRequestWnd.h">
      <Filter>Source Files</Filter>
    </ClInclude>
    <ClInclude Include="PlayerShopWnd.h">
      <Filter>Source Files</Filter>
    </ClInclude>
    <ClInclude Include="QuantityWnd.h">
      <Filter>Source Files</Filter>
    </ClInclude>
    <ClInclude Include="RankNpcWnd.h">
      <Filter>Source Files</Filter>
    </ClInclude>
    <ClInclude Include="RankWnd.h">
      <Filter>Source Files</Filter>
    </ClInclude>
    <ClInclude Include="RequestMatchWnd.h">
      <Filter>Source Files</Filter>
    </ClInclude>
    <ClInclude Include="Resource.h">
      <Filter>Source Files</Filter>
    </ClInclude>
    <ClInclude Include="RivalGuildWar.h">
      <Filter>Source Files</Filter>
    </ClInclude>
    <ClInclude Include="RivalGuildWarLib.h">
      <Filter>Source Files</Filter>
    </ClInclude>
    <ClInclude Include="RivalGuildWarUI.h">
      <Filter>Source Files</Filter>
    </ClInclude>
    <ClInclude Include="SafeMemory.h">
      <Filter>Source Files</Filter>
    </ClInclude>
    <ClInclude Include="Script.h">
      <Filter>Source Files</Filter>
    </ClInclude>
    <ClInclude Include="SevenWork.h">
      <Filter>Source Files</Filter>
    </ClInclude>
    <ClInclude Include="Shop.h">
      <Filter>Source Files</Filter>
    </ClInclude>
    <ClInclude Include="SkillWnd.h">
      <Filter>Source Files</Filter>
    </ClInclude>
    <ClInclude Include="SoundControl.h">
      <Filter>Source Files</Filter>
    </ClInclude>
    <ClInclude Include="SoundLib.h">
      <Filter>Source Files</Filter>
    </ClInclude>
    <ClInclude Include="SoundManager.h">
      <Filter>Source Files</Filter>
    </ClInclude>
    <ClInclude Include="special_effect.h">
      <Filter>Source Files</Filter>
    </ClInclude>
    <ClInclude Include="SpriteManager.h">
      <Filter>Source Files</Filter>
    </ClInclude>
    <ClInclude Include="stdafx.h">
      <Filter>Source Files</Filter>
    </ClInclude>
    <ClInclude Include="StoreWnd.h">
      <Filter>Source Files</Filter>
    </ClInclude>
    <ClInclude Include="StringFunc.h">
      <Filter>Source Files</Filter>
    </ClInclude>
    <ClInclude Include="struct.h">
      <Filter>Source Files</Filter>
    </ClInclude>
    <ClInclude Include="system_info.h">
      <Filter>Source Files</Filter>
    </ClInclude>
    <ClInclude Include="TokenCommand.h">
      <Filter>Source Files</Filter>
    </ClInclude>
    <ClInclude Include="TopDungeonHelpWnd.h">
      <Filter>Source Files</Filter>
    </ClInclude>
    <ClInclude Include="Trade.h">
      <Filter>Source Files</Filter>
    </ClInclude>
    <ClInclude Include="User.h">
      <Filter>Source Files</Filter>
    </ClInclude>
    <ClInclude Include="UserHash.h">
      <Filter>Source Files</Filter>
    </ClInclude>
    <ClInclude Include="UserInterface.h">
      <Filter>Source Files</Filter>
    </ClInclude>
    <ClInclude Include="Version.h">
      <Filter>Source Files</Filter>
    </ClInclude>
    <ClInclude Include="VoidList.h">
      <Filter>Source Files</Filter>
    </ClInclude>
    <ClInclude Include="WorldMsg.h">
      <Filter>Source Files</Filter>
    </ClInclude>
    <ClInclude Include="WorldMsg_jjw6263.h">
      <Filter>Source Files</Filter>
    </ClInclude>
    <ClInclude Include="WorldMsg_minbobo.h">
      <Filter>Source Files</Filter>
    </ClInclude>
    <ClInclude Include="WorldMsg_yak.h">
      <Filter>Source Files</Filter>
    </ClInclude>
    <ClInclude Include="WorldProcess.h">
      <Filter>Source Files</Filter>
    </ClInclude>
    <ClInclude Include="WorldWnd.h">
      <Filter>Source Files</Filter>
    </ClInclude>
    <ClInclude Include="PathFinding\BlockLineManager.h">
      <Filter>Source Files</Filter>
    </ClInclude>
    <ClInclude Include="PathFinding\BlockManager.h">
      <Filter>Source Files</Filter>
    </ClInclude>
    <ClInclude Include="PathFinding\ControlStruct.h">
      <Filter>Source Files</Filter>
    </ClInclude>
    <ClInclude Include="PathFinding\DirectionManager.h">
      <Filter>Source Files</Filter>
    </ClInclude>
    <ClInclude Include="PathFinding\MemoryBlock.h">
      <Filter>Source Files</Filter>
    </ClInclude>
    <ClInclude Include="PathFinding\PriorityQue.h">
      <Filter>Source Files</Filter>
    </ClInclude>
    <ClInclude Include="PathFinding\SearchModule_Astar.h">
      <Filter>Source Files</Filter>
    </ClInclude>
    <ClInclude Include="PathFinding\VirtualBlockManager.h">
      <Filter>Source Files</Filter>
    </ClInclude>
  </ItemGroup>
  <ItemGroup>
    <None Include="crBaseMenu.inl">
      <Filter>Source Files</Filter>
    </None>
  </ItemGroup>
  <ItemGroup>
    <ClCompile Include="BaloonChat.cpp">
      <Filter>Source Files</Filter>
    </ClCompile>
    <ClCompile Include="BankWnd.cpp">
      <Filter>Source Files</Filter>
    </ClCompile>
    <ClCompile Include="BlockWnd.cpp">
      <Filter>Source Files</Filter>
    </ClCompile>
    <ClCompile Include="CDungeonInfoWnd.cpp">
      <Filter>Source Files</Filter>
    </ClCompile>
    <ClCompile Include="CDungeonManagerWnd.cpp">
      <Filter>Source Files</Filter>
    </ClCompile>
    <ClCompile Include="CharDieWnd.cpp">
      <Filter>Source Files</Filter>
    </ClCompile>
    <ClCompile Include="CharMoveEditWnd.cpp">
      <Filter>Source Files</Filter>
    </ClCompile>
    <ClCompile Include="CharMoveRtWnd.cpp">
      <Filter>Source Files</Filter>
    </ClCompile>
    <ClCompile Include="CharMoveWnd.cpp">
      <Filter>Source Files</Filter>
    </ClCompile>
    <ClCompile Include="CharSelectMsg.cpp">
      <Filter>Source Files</Filter>
    </ClCompile>
    <ClCompile Include="CharSelectProcess.cpp">
      <Filter>Source Files</Filter>
    </ClCompile>
    <ClCompile Include="CharWnd.cpp">
      <Filter>Source Files</Filter>
    </ClCompile>
    <ClCompile Include="Chat.cpp">
      <Filter>Source Files</Filter>
    </ClCompile>
    <ClCompile Include="ChatBackground.cpp">
      <Filter>Source Files</Filter>
    </ClCompile>
    <ClCompile Include="ChatListWnd.cpp">
      <Filter>Source Files</Filter>
    </ClCompile>
    <ClCompile Include="ChatWnd.cpp">
      <Filter>Source Files</Filter>
    </ClCompile>
    <ClCompile Include="ChinaBillingRemainTime.cpp">
      <Filter>Source Files</Filter>
    </ClCompile>
    <ClCompile Include="ChinaHackToolBlock.cpp">
      <Filter>Source Files</Filter>
    </ClCompile>
    <ClCompile Include="ChrInfo.cpp">
      <Filter>Source Files</Filter>
    </ClCompile>
    <ClCompile Include="ClientTrafficLog.cpp">
      <Filter>Source Files</Filter>
    </ClCompile>
    <ClCompile Include="CodeFun.cpp">
      <Filter>Source Files</Filter>
    </ClCompile>
    <ClCompile Include="ComboBox.cpp">
      <Filter>Source Files</Filter>
    </ClCompile>
    <ClCompile Include="Command.cpp">
      <Filter>Source Files</Filter>
    </ClCompile>
    <ClCompile Include="CommandWnd.cpp">
      <Filter>Source Files</Filter>
    </ClCompile>
    <ClCompile Include="crBaseMenu.cpp">
      <Filter>Source Files</Filter>
    </ClCompile>
    <ClCompile Include="crButton.cpp">
      <Filter>Source Files</Filter>
    </ClCompile>
    <ClCompile Include="crDialog.cpp">
      <Filter>Source Files</Filter>
    </ClCompile>
    <ClCompile Include="crImage.cpp">
      <Filter>Source Files</Filter>
    </ClCompile>
    <ClCompile Include="crImageList.cpp">
      <Filter>Source Files</Filter>
    </ClCompile>
    <ClCompile Include="crListBox.cpp">
      <Filter>Source Files</Filter>
    </ClCompile>
    <ClCompile Include="crListBoxItemInterface.cpp">
      <Filter>Source Files</Filter>
    </ClCompile>
    <ClCompile Include="crProxyMenuToDialog.cpp">
      <Filter>Source Files</Filter>
    </ClCompile>
    <ClCompile Include="crStaticText.cpp">
      <Filter>Source Files</Filter>
    </ClCompile>
    <ClCompile Include="crtList.cpp">
      <Filter>Source Files</Filter>
    </ClCompile>
    <ClCompile Include="crtNode.cpp">
      <Filter>Source Files</Filter>
    </ClCompile>
    <ClCompile Include="DamageNumber.cpp">
      <Filter>Source Files</Filter>
    </ClCompile>
    <ClCompile Include="DebugLog.cpp">
      <Filter>Source Files</Filter>
    </ClCompile>
    <ClCompile Include="DefaultWnd.cpp">
      <Filter>Source Files</Filter>
    </ClCompile>
    <ClCompile Include="DFXForm.cpp">
      <Filter>Source Files</Filter>
    </ClCompile>
    <ClCompile Include="DSMiniMap.cpp">
      <Filter>Source Files</Filter>
    </ClCompile>
    <ClCompile Include="DUNGEON_DATA.cpp">
      <Filter>Source Files</Filter>
    </ClCompile>
    <ClCompile Include="DUNGEON_DATA_EX.cpp">
      <Filter>Source Files</Filter>
    </ClCompile>
    <ClCompile Include="DungeonMsg.cpp">
      <Filter>Source Files</Filter>
    </ClCompile>
    <ClCompile Include="DungeonMsg_deepdark.cpp">
      <Filter>Source Files</Filter>
    </ClCompile>
    <ClCompile Include="DungeonMsg_jjw6263.cpp">
      <Filter>Source Files</Filter>
    </ClCompile>
    <ClCompile Include="DungeonMsg_minbobo.cpp">
      <Filter>Source Files</Filter>
    </ClCompile>
    <ClCompile Include="DungeonMsg_seven.cpp">
      <Filter>Source Files</Filter>
    </ClCompile>
    <ClCompile Include="DungeonMsg_yak.cpp">
      <Filter>Source Files</Filter>
    </ClCompile>
    <ClCompile Include="DungeonProcess.cpp">
      <Filter>Source Files</Filter>
    </ClCompile>
    <ClCompile Include="DungeonProcess_Sound.cpp">
      <Filter>Source Files</Filter>
    </ClCompile>
    <ClCompile Include="DungeonProcess2nd.cpp">
      <Filter>Source Files</Filter>
    </ClCompile>
    <ClCompile Include="DungeonSiegeInfoWnd.cpp">
      <Filter>Source Files</Filter>
    </ClCompile>
    <ClCompile Include="DungeonTable.cpp">
      <Filter>Source Files</Filter>
    </ClCompile>
    <ClCompile Include="Effect.cpp">
      <Filter>Source Files</Filter>
    </ClCompile>
    <ClCompile Include="EffectCommand.cpp">
      <Filter>Source Files</Filter>
    </ClCompile>
    <ClCompile Include="EffectProcess.cpp">
      <Filter>Source Files</Filter>
    </ClCompile>
    <ClCompile Include="ErrorWnd.cpp">
      <Filter>Source Files</Filter>
    </ClCompile>
    <ClCompile Include="EventDungeonProcess.cpp">
      <Filter>Source Files</Filter>
    </ClCompile>
    <ClCompile Include="EventDungeonWnd.cpp">
      <Filter>Source Files</Filter>
    </ClCompile>
    <ClCompile Include="EventNPCSubWnd.cpp">
      <Filter>Source Files</Filter>
    </ClCompile>
    <ClCompile Include="EventNPCWnd.cpp">
      <Filter>Source Files</Filter>
    </ClCompile>
    <ClCompile Include="ExitWnd.cpp">
      <Filter>Source Files</Filter>
    </ClCompile>
    <ClCompile Include="Filter.cpp">
      <Filter>Source Files</Filter>
    </ClCompile>
    <ClCompile Include="GameControl.cpp">
      <Filter>Source Files</Filter>
    </ClCompile>
    <ClCompile Include="GameDefaultWnd.cpp">
      <Filter>Source Files</Filter>
    </ClCompile>
    <ClCompile Include="GameMenuWnd.cpp">
      <Filter>Source Files</Filter>
    </ClCompile>
    <ClCompile Include="GameNoticeWnd.cpp">
      <Filter>Source Files</Filter>
    </ClCompile>
    <ClCompile Include="GlobalSoundHandles.cpp">
      <Filter>Source Files</Filter>
    </ClCompile>
    <ClCompile Include="GlobalVariableLogin.cpp">
      <Filter>Source Files</Filter>
    </ClCompile>
    <ClCompile Include="GMTool.cpp">
      <Filter>Source Files</Filter>
    </ClCompile>
    <ClCompile Include="GroupWnd.cpp">
      <Filter>Source Files</Filter>
    </ClCompile>
    <ClCompile Include="GuardianWnd.cpp">
      <Filter>Source Files</Filter>
    </ClCompile>
    <ClCompile Include="Guild.cpp">
      <Filter>Source Files</Filter>
    </ClCompile>
    <ClCompile Include="GuildDeleteWnd.cpp">
      <Filter>Source Files</Filter>
    </ClCompile>
    <ClCompile Include="GuildEditWnd.cpp">
      <Filter>Source Files</Filter>
    </ClCompile>
    <ClCompile Include="GuildExWnd.cpp">
      <Filter>Source Files</Filter>
    </ClCompile>
    <ClCompile Include="GuildJoinWnd.cpp">
      <Filter>Source Files</Filter>
    </ClCompile>
    <ClCompile Include="GuildMasterWnd.cpp">
      <Filter>Source Files</Filter>
    </ClCompile>
    <ClCompile Include="GuildPortalWnd.cpp">
      <Filter>Source Files</Filter>
    </ClCompile>
    <ClCompile Include="GuildRankWnd.cpp">
      <Filter>Source Files</Filter>
    </ClCompile>
    <ClCompile Include="GuildRequestWnd.cpp">
      <Filter>Source Files</Filter>
    </ClCompile>
    <ClCompile Include="GuildWarFinalSettingWnd.cpp">
      <Filter>Source Files</Filter>
    </ClCompile>
    <ClCompile Include="GuildWarInvite.cpp">
      <Filter>Source Files</Filter>
    </ClCompile>
    <ClCompile Include="GuildwarRequest.cpp">
      <Filter>Source Files</Filter>
    </ClCompile>
    <ClCompile Include="GuildWarStatusWnd.cpp">
      <Filter>Source Files</Filter>
    </ClCompile>
    <ClCompile Include="GuildWarWnd.cpp">
      <Filter>Source Files</Filter>
    </ClCompile>
    <ClCompile Include="GuildWnd.cpp">
      <Filter>Source Files</Filter>
    </ClCompile>
    <ClCompile Include="GxDefault.cpp">
      <Filter>Source Files</Filter>
    </ClCompile>
    <ClCompile Include="HashTable.cpp">
      <Filter>Source Files</Filter>
    </ClCompile>
    <ClCompile Include="HelpWnd.cpp">
      <Filter>Source Files</Filter>
    </ClCompile>
    <ClCompile Include="IdentyGraphicCard.cpp">
      <Filter>Source Files</Filter>
    </ClCompile>
    <ClCompile Include="IMEEdit.cpp">
      <Filter>Source Files</Filter>
    </ClCompile>
    <ClCompile Include="Ini.cpp">
      <Filter>Source Files</Filter>
    </ClCompile>
    <ClCompile Include="InitGame.cpp">
      <Filter>Source Files</Filter>
    </ClCompile>
    <ClCompile Include="InitItemWnd.cpp">
      <Filter>Source Files</Filter>
    </ClCompile>
    <ClCompile Include="InputManager.cpp">
      <Filter>Source Files</Filter>
    </ClCompile>
    <ClCompile Include="Interface.cpp">
      <Filter>Source Files</Filter>
    </ClCompile>
    <ClCompile Include="InterfaceInstance.cpp">
      <Filter>Source Files</Filter>
    </ClCompile>
    <ClCompile Include="InterfaceManager.cpp">
      <Filter>Source Files</Filter>
    </ClCompile>
    <ClCompile Include="InterfaceProcTemp.cpp">
      <Filter>Source Files</Filter>
    </ClCompile>
    <ClCompile Include="InterfaceSpr.cpp">
      <Filter>Source Files</Filter>
    </ClCompile>
    <ClCompile Include="InterfaceSprDef.cpp">
      <Filter>Source Files</Filter>
    </ClCompile>
    <ClCompile Include="IntroProcess.cpp">
      <Filter>Source Files</Filter>
    </ClCompile>
    <ClCompile Include="ItemAttrLayer.cpp">
      <Filter>Source Files</Filter>
    </ClCompile>
    <ClCompile Include="ItemMakingHelpWnd.cpp">
      <Filter>Source Files</Filter>
    </ClCompile>
    <ClCompile Include="ItemMakingSubWnd.cpp">
      <Filter>Source Files</Filter>
    </ClCompile>
    <ClCompile Include="ItemMakingWnd.cpp">
      <Filter>Source Files</Filter>
    </ClCompile>
    <ClCompile Include="ItemMove.cpp">
      <Filter>Source Files</Filter>
    </ClCompile>
    <ClCompile Include="ItemMoveManager.cpp">
      <Filter>Source Files</Filter>
    </ClCompile>
    <ClCompile Include="ItemNative.cpp">
      <Filter>Source Files</Filter>
    </ClCompile>
    <ClCompile Include="ItemNativeManager.cpp">
      <Filter>Source Files</Filter>
    </ClCompile>
    <ClCompile Include="ItemShopWnd.cpp">
      <Filter>Source Files</Filter>
    </ClCompile>
    <ClCompile Include="ItemTradeShopWnd.cpp">
      <Filter>Source Files</Filter>
    </ClCompile>
    <ClCompile Include="ItemTradeWnd.cpp">
      <Filter>Source Files</Filter>
    </ClCompile>
    <ClCompile Include="ItemUpgrade.cpp">
      <Filter>Source Files</Filter>
    </ClCompile>
    <ClCompile Include="ItemUpgradeHelpWnd.cpp">
      <Filter>Source Files</Filter>
    </ClCompile>
    <ClCompile Include="ItemUpgradeSubWnd.cpp">
      <Filter>Source Files</Filter>
    </ClCompile>
    <ClCompile Include="ItemUsed.cpp">
      <Filter>Source Files</Filter>
    </ClCompile>
    <ClCompile Include="ItemUsedManager.cpp">
      <Filter>Source Files</Filter>
    </ClCompile>
    <ClCompile Include="ItemWnd.cpp">
      <Filter>Source Files</Filter>
    </ClCompile>
    <ClCompile Include="ListTable.cpp">
      <Filter>Source Files</Filter>
    </ClCompile>
    <ClCompile Include="LocalTimeObserver.cpp">
      <Filter>Source Files</Filter>
    </ClCompile>
    <ClCompile Include="LoginMsg.cpp">
      <Filter>Source Files</Filter>
    </ClCompile>
    <ClCompile Include="LoginProcess.cpp">
      <Filter>Source Files</Filter>
    </ClCompile>
    <ClCompile Include="LoginWnd.cpp">
      <Filter>Source Files</Filter>
    </ClCompile>
    <ClCompile Include="main.cpp">
      <Filter>Source Files</Filter>
    </ClCompile>
    <ClCompile Include="Map.cpp">
      <Filter>Source Files</Filter>
    </ClCompile>
    <ClCompile Include="MatchInfo.cpp">
      <Filter>Source Files</Filter>
    </ClCompile>
    <ClCompile Include="Menu.cpp">
      <Filter>Source Files</Filter>
    </ClCompile>
    <ClCompile Include="MessagePool.cpp">
      <Filter>Source Files</Filter>
    </ClCompile>
    <ClCompile Include="Messenger.cpp">
      <Filter>Source Files</Filter>
    </ClCompile>
    <ClCompile Include="MessengerDeleteWnd.cpp">
      <Filter>Source Files</Filter>
    </ClCompile>
    <ClCompile Include="MessengerWnd.cpp">
      <Filter>Source Files</Filter>
    </ClCompile>
    <ClCompile Include="MinboboWork.cpp">
      <Filter>Source Files</Filter>
    </ClCompile>
    <ClCompile Include="Monster.cpp">
      <Filter>Source Files</Filter>
    </ClCompile>
    <ClCompile Include="MonsterManager.cpp">
      <Filter>Source Files</Filter>
    </ClCompile>
    <ClCompile Include="MouseLib.cpp">
      <Filter>Source Files</Filter>
    </ClCompile>
    <ClCompile Include="MSoundControl.cpp">
      <Filter>Source Files</Filter>
    </ClCompile>
    <ClCompile Include="MSoundManager.cpp">
      <Filter>Source Files</Filter>
    </ClCompile>
    <ClCompile Include="NativeOsCheck.cpp">
      <Filter>Source Files</Filter>
    </ClCompile>
    <ClCompile Include="NetworkClient.cpp">
      <Filter>Source Files</Filter>
    </ClCompile>
    <ClCompile Include="NetworkTimeObserver.cpp">
      <Filter>Source Files</Filter>
    </ClCompile>
    <ClCompile Include="NoticeWnd.cpp">
      <Filter>Source Files</Filter>
    </ClCompile>
    <ClCompile Include="NpcDungeonInfoWnd.cpp">
      <Filter>Source Files</Filter>
    </ClCompile>
    <ClCompile Include="ObjectManager.cpp">
      <Filter>Source Files</Filter>
    </ClCompile>
    <ClCompile Include="OkWnd.cpp">
      <Filter>Source Files</Filter>
    </ClCompile>
    <ClCompile Include="OnlyList.cpp">
      <Filter>Source Files</Filter>
    </ClCompile>
    <ClCompile Include="PacketEncrypt.cpp">
      <Filter>Source Files</Filter>
    </ClCompile>
    <ClCompile Include="parsing.cpp">
      <Filter>Source Files</Filter>
    </ClCompile>
    <ClCompile Include="Party.cpp">
      <Filter>Source Files</Filter>
    </ClCompile>
    <ClCompile Include="PartyBoardInfoWnd.cpp">
      <Filter>Source Files</Filter>
    </ClCompile>
    <ClCompile Include="PartyBoardWnd.cpp">
      <Filter>Source Files</Filter>
    </ClCompile>
    <ClCompile Include="PartyEntryWnd.cpp">
      <Filter>Source Files</Filter>
    </ClCompile>
    <ClCompile Include="PartyHelpWnd.cpp">
      <Filter>Source Files</Filter>
    </ClCompile>
    <ClCompile Include="PartyJoinWnd.cpp">
      <Filter>Source Files</Filter>
    </ClCompile>
    <ClCompile Include="PartyMatchingWnd.cpp">
      <Filter>Source Files</Filter>
    </ClCompile>
    <ClCompile Include="PartyPortalWnd.cpp">
      <Filter>Source Files</Filter>
    </ClCompile>
    <ClCompile Include="PartyRequestWnd.cpp">
      <Filter>Source Files</Filter>
    </ClCompile>
    <ClCompile Include="PlayerShopWnd.cpp">
      <Filter>Source Files</Filter>
    </ClCompile>
    <ClCompile Include="QuantityWnd.cpp">
      <Filter>Source Files</Filter>
    </ClCompile>
    <ClCompile Include="RankNpcWnd.cpp">
      <Filter>Source Files</Filter>
    </ClCompile>
    <ClCompile Include="RankWnd.cpp">
      <Filter>Source Files</Filter>
    </ClCompile>
    <ClCompile Include="RequestMatchWnd.cpp">
      <Filter>Source Files</Filter>
    </ClCompile>
    <ClCompile Include="RivalGuildWar.cpp">
      <Filter>Source Files</Filter>
    </ClCompile>
    <ClCompile Include="RivalGuildWarLib.cpp">
      <Filter>Source Files</Filter>
    </ClCompile>
    <ClCompile Include="RivalGuildWarUI.cpp">
      <Filter>Source Files</Filter>
    </ClCompile>
    <ClCompile Include="Script.cpp">
      <Filter>Source Files</Filter>
    </ClCompile>
    <ClCompile Include="SevenWork.cpp">
      <Filter>Source Files</Filter>
    </ClCompile>
    <ClCompile Include="Shop.cpp">
      <Filter>Source Files</Filter>
    </ClCompile>
    <ClCompile Include="SkillWnd.cpp">
      <Filter>Source Files</Filter>
    </ClCompile>
    <ClCompile Include="SoundControl.cpp">
      <Filter>Source Files</Filter>
    </ClCompile>
    <ClCompile Include="SpecialCharacterJPN.cpp">
      <Filter>Source Files</Filter>
    </ClCompile>
    <ClCompile Include="SpriteManager.cpp">
      <Filter>Source Files</Filter>
    </ClCompile>
    <ClCompile Include="StoreWnd.cpp">
      <Filter>Source Files</Filter>
    </ClCompile>
    <ClCompile Include="system_info.cpp">
      <Filter>Source Files</Filter>
    </ClCompile>
    <ClCompile Include="TeamMatch.cpp">
      <Filter>Source Files</Filter>
    </ClCompile>
    <ClCompile Include="TokenCommand.cpp">
      <Filter>Source Files</Filter>
    </ClCompile>
    <ClCompile Include="TopDungeonHelpWnd.cpp">
      <Filter>Source Files</Filter>
    </ClCompile>
    <ClCompile Include="Trade.cpp">
      <Filter>Source Files</Filter>
    </ClCompile>
    <ClCompile Include="User.cpp">
      <Filter>Source Files</Filter>
    </ClCompile>
    <ClCompile Include="UserHash.cpp">
      <Filter>Source Files</Filter>
    </ClCompile>
    <ClCompile Include="UserInterface.cpp">
      <Filter>Source Files</Filter>
    </ClCompile>
    <ClCompile Include="Voidlist.cpp">
      <Filter>Source Files</Filter>
    </ClCompile>
    <ClCompile Include="WorldMsg_jjw6263.cpp">
      <Filter>Source Files</Filter>
    </ClCompile>
    <ClCompile Include="WorldMsg_minbobo.cpp">
      <Filter>Source Files</Filter>
    </ClCompile>
    <ClCompile Include="WorldMsg_yak.cpp">
      <Filter>Source Files</Filter>
    </ClCompile>
    <ClCompile Include="WorldProcess.cpp">
      <Filter>Source Files</Filter>
    </ClCompile>
    <ClCompile Include="WorldWnd.cpp">
      <Filter>Source Files</Filter>
    </ClCompile>
    <ClCompile Include="PathFinding\BlockLineManager.cpp">
      <Filter>Source Files</Filter>
    </ClCompile>
    <ClCompile Include="PathFinding\BlockManager.cpp">
      <Filter>Source Files</Filter>
    </ClCompile>
    <ClCompile Include="PathFinding\ControlStruct.cpp">
      <Filter>Source Files</Filter>
    </ClCompile>
    <ClCompile Include="PathFinding\DirectionManager.cpp">
      <Filter>Source Files</Filter>
    </ClCompile>
    <ClCompile Include="PathFinding\MemoryBlock.cpp">
      <Filter>Source Files</Filter>
    </ClCompile>
    <ClCompile Include="PathFinding\PriorityQue.cpp">
      <Filter>Source Files</Filter>
    </ClCompile>
    <ClCompile Include="PathFinding\SearchModule_Astar.cpp">
      <Filter>Source Files</Filter>
    </ClCompile>
    <ClCompile Include="PathFinding\VirtualBlockManager.cpp">
      <Filter>Source Files</Filter>
    </ClCompile>
  </ItemGroup>
</Project>